// !$*UTF8*$!
{
	archiveVersion = 1;
	classes = {
	};
	objectVersion = 56;
	objects = {

/* Begin PBXBuildFile section */
		AC3248A52BF4E79F00BEC811 /* MarketsViewController.swift in Sources */ = {isa = PBXBuildFile; fileRef = AC3248A42BF4E79F00BEC811 /* MarketsViewController.swift */; };
		AC3248A72BF4E7AB00BEC811 /* MarketsView.swift in Sources */ = {isa = PBXBuildFile; fileRef = AC3248A62BF4E7AB00BEC811 /* MarketsView.swift */; };
		AC3248A92BF5103400BEC811 /* MarketsTableViewCell.swift in Sources */ = {isa = PBXBuildFile; fileRef = AC3248A82BF5103400BEC811 /* MarketsTableViewCell.swift */; };
		AC5A7C9F2BF2184000A13991 /* AppDelegate.swift in Sources */ = {isa = PBXBuildFile; fileRef = AC5A7C9E2BF2184000A13991 /* AppDelegate.swift */; };
		AC5A7CA12BF2184000A13991 /* SceneDelegate.swift in Sources */ = {isa = PBXBuildFile; fileRef = AC5A7CA02BF2184000A13991 /* SceneDelegate.swift */; };
		AC5A7CA82BF2184200A13991 /* Assets.xcassets in Resources */ = {isa = PBXBuildFile; fileRef = AC5A7CA72BF2184200A13991 /* Assets.xcassets */; };
		AC5A7CAB2BF2184200A13991 /* Base in Resources */ = {isa = PBXBuildFile; fileRef = AC5A7CAA2BF2184200A13991 /* Base */; };
		AC65FACB2BFE32E1005C4236 /* TickerPresentData.swift in Sources */ = {isa = PBXBuildFile; fileRef = AC65FACA2BFE32E1005C4236 /* TickerPresentData.swift */; };
		AC9B5A6A2BF373E50077635E /* FlexLayout in Frameworks */ = {isa = PBXBuildFile; productRef = AC9B5A692BF373E50077635E /* FlexLayout */; };
		AC9B5A6D2BF373EF0077635E /* PinLayout in Frameworks */ = {isa = PBXBuildFile; productRef = AC9B5A6C2BF373EF0077635E /* PinLayout */; };
		AC9B5A6F2BF374040077635E /* BaseViewController.swift in Sources */ = {isa = PBXBuildFile; fileRef = AC9B5A6E2BF374040077635E /* BaseViewController.swift */; };
		AC9B5A712BF3749E0077635E /* BaseView.swift in Sources */ = {isa = PBXBuildFile; fileRef = AC9B5A702BF3749E0077635E /* BaseView.swift */; };
		ACA39E2E2BF6303C006BC6E4 /* MarketsHeaderView.swift in Sources */ = {isa = PBXBuildFile; fileRef = ACA39E2D2BF6303C006BC6E4 /* MarketsHeaderView.swift */; };
		ACA39E422BF85E49006BC6E4 /* Coordinator.swift in Sources */ = {isa = PBXBuildFile; fileRef = ACA39E412BF85E49006BC6E4 /* Coordinator.swift */; };
		ACA39E442BF85FCF006BC6E4 /* AppCoordinator.swift in Sources */ = {isa = PBXBuildFile; fileRef = ACA39E432BF85FCF006BC6E4 /* AppCoordinator.swift */; };
		ACA39E462BF8609F006BC6E4 /* TabCoordinator.swift in Sources */ = {isa = PBXBuildFile; fileRef = ACA39E452BF8609F006BC6E4 /* TabCoordinator.swift */; };
		ACA39E492BF8617C006BC6E4 /* TabBarItemType.swift in Sources */ = {isa = PBXBuildFile; fileRef = ACA39E482BF8617C006BC6E4 /* TabBarItemType.swift */; };
		ACA39E4C2BF8675A006BC6E4 /* MarketsCoordinator.swift in Sources */ = {isa = PBXBuildFile; fileRef = ACA39E4B2BF8675A006BC6E4 /* MarketsCoordinator.swift */; };
		ACA39E4F2BF88DB4006BC6E4 /* APIManager.swift in Sources */ = {isa = PBXBuildFile; fileRef = ACA39E4E2BF88DB4006BC6E4 /* APIManager.swift */; };
		ACA39E522BF88DEA006BC6E4 /* RxCocoa in Frameworks */ = {isa = PBXBuildFile; productRef = ACA39E512BF88DEA006BC6E4 /* RxCocoa */; };
		ACA39E542BF88DEA006BC6E4 /* RxSwift in Frameworks */ = {isa = PBXBuildFile; productRef = ACA39E532BF88DEA006BC6E4 /* RxSwift */; };
		ACA39E572BF88DFC006BC6E4 /* Alamofire in Frameworks */ = {isa = PBXBuildFile; productRef = ACA39E562BF88DFC006BC6E4 /* Alamofire */; };
		ACA39E592BF891D7006BC6E4 /* RouterProtocol.swift in Sources */ = {isa = PBXBuildFile; fileRef = ACA39E582BF891D7006BC6E4 /* RouterProtocol.swift */; };
		ACA39E5C2BF8926D006BC6E4 /* UpbitRouter.swift in Sources */ = {isa = PBXBuildFile; fileRef = ACA39E5B2BF8926D006BC6E4 /* UpbitRouter.swift */; };
		ACA39E612BF89825006BC6E4 /* MarketData.swift in Sources */ = {isa = PBXBuildFile; fileRef = ACA39E602BF89825006BC6E4 /* MarketData.swift */; };
		ACA39E642BF89E50006BC6E4 /* UpbitAPIError.swift in Sources */ = {isa = PBXBuildFile; fileRef = ACA39E632BF89E50006BC6E4 /* UpbitAPIError.swift */; };
		ACA39E682BF8B812006BC6E4 /* LaunchView.swift in Sources */ = {isa = PBXBuildFile; fileRef = ACA39E672BF8B812006BC6E4 /* LaunchView.swift */; };
		ACA39E6A2BF8B81F006BC6E4 /* LaunchViewController.swift in Sources */ = {isa = PBXBuildFile; fileRef = ACA39E692BF8B81F006BC6E4 /* LaunchViewController.swift */; };
		ACA39E6C2BF8B938006BC6E4 /* LaunchCoordinator.swift in Sources */ = {isa = PBXBuildFile; fileRef = ACA39E6B2BF8B938006BC6E4 /* LaunchCoordinator.swift */; };
		ACA39E6E2BF8CD74006BC6E4 /* ViewModelProtocol.swift in Sources */ = {isa = PBXBuildFile; fileRef = ACA39E6D2BF8CD74006BC6E4 /* ViewModelProtocol.swift */; };
		ACA39E702BF8CE87006BC6E4 /* LaunchViewModel.swift in Sources */ = {isa = PBXBuildFile; fileRef = ACA39E6F2BF8CE87006BC6E4 /* LaunchViewModel.swift */; };
		ACA39E722BF91202006BC6E4 /* MarketsViewModel.swift in Sources */ = {isa = PBXBuildFile; fileRef = ACA39E712BF91202006BC6E4 /* MarketsViewModel.swift */; };
		ACA39E7E2BFA6024006BC6E4 /* Starscream in Frameworks */ = {isa = PBXBuildFile; productRef = ACA39E7D2BFA6024006BC6E4 /* Starscream */; };
		ACA39E802BFA603B006BC6E4 /* WebSocketManager.swift in Sources */ = {isa = PBXBuildFile; fileRef = ACA39E7F2BFA603B006BC6E4 /* WebSocketManager.swift */; };
		ACA39E832BFB9EF9006BC6E4 /* TickerData.swift in Sources */ = {isa = PBXBuildFile; fileRef = ACA39E822BFB9EF9006BC6E4 /* TickerData.swift */; };
		ACA39E852BFBA371006BC6E4 /* CoinRepository.swift in Sources */ = {isa = PBXBuildFile; fileRef = ACA39E842BFBA371006BC6E4 /* CoinRepository.swift */; };
		ACA39E882BFC2AE0006BC6E4 /* Differentiator in Frameworks */ = {isa = PBXBuildFile; productRef = ACA39E872BFC2AE0006BC6E4 /* Differentiator */; };
		ACA39E8A2BFC2AE0006BC6E4 /* RxDataSources in Frameworks */ = {isa = PBXBuildFile; productRef = ACA39E892BFC2AE0006BC6E4 /* RxDataSources */; };
		ACA39E8F2BFC703A006BC6E4 /* TickerSection.swift in Sources */ = {isa = PBXBuildFile; fileRef = ACA39E8E2BFC703A006BC6E4 /* TickerSection.swift */; };
		ACA39E912BFC8B4D006BC6E4 /* BaseTableViewCell.swift in Sources */ = {isa = PBXBuildFile; fileRef = ACA39E902BFC8B4D006BC6E4 /* BaseTableViewCell.swift */; };
		ACA39E942BFC9286006BC6E4 /* NumberUtil.swift in Sources */ = {isa = PBXBuildFile; fileRef = ACA39E932BFC9286006BC6E4 /* NumberUtil.swift */; };
		ACA39E972BFDDFF4006BC6E4 /* SkeletonView in Frameworks */ = {isa = PBXBuildFile; productRef = ACA39E962BFDDFF4006BC6E4 /* SkeletonView */; };
/* End PBXBuildFile section */

/* Begin PBXFileReference section */
		AC3248A42BF4E79F00BEC811 /* MarketsViewController.swift */ = {isa = PBXFileReference; lastKnownFileType = sourcecode.swift; path = MarketsViewController.swift; sourceTree = "<group>"; };
		AC3248A62BF4E7AB00BEC811 /* MarketsView.swift */ = {isa = PBXFileReference; lastKnownFileType = sourcecode.swift; path = MarketsView.swift; sourceTree = "<group>"; };
		AC3248A82BF5103400BEC811 /* MarketsTableViewCell.swift */ = {isa = PBXFileReference; lastKnownFileType = sourcecode.swift; path = MarketsTableViewCell.swift; sourceTree = "<group>"; };
		AC5A7C9B2BF2184000A13991 /* ToughCookie.app */ = {isa = PBXFileReference; explicitFileType = wrapper.application; includeInIndex = 0; path = ToughCookie.app; sourceTree = BUILT_PRODUCTS_DIR; };
		AC5A7C9E2BF2184000A13991 /* AppDelegate.swift */ = {isa = PBXFileReference; lastKnownFileType = sourcecode.swift; path = AppDelegate.swift; sourceTree = "<group>"; };
		AC5A7CA02BF2184000A13991 /* SceneDelegate.swift */ = {isa = PBXFileReference; lastKnownFileType = sourcecode.swift; path = SceneDelegate.swift; sourceTree = "<group>"; };
		AC5A7CA72BF2184200A13991 /* Assets.xcassets */ = {isa = PBXFileReference; lastKnownFileType = folder.assetcatalog; path = Assets.xcassets; sourceTree = "<group>"; };
		AC5A7CAA2BF2184200A13991 /* Base */ = {isa = PBXFileReference; lastKnownFileType = file.storyboard; name = Base; path = Base.lproj/LaunchScreen.storyboard; sourceTree = "<group>"; };
		AC5A7CAC2BF2184200A13991 /* Info.plist */ = {isa = PBXFileReference; lastKnownFileType = text.plist.xml; path = Info.plist; sourceTree = "<group>"; };
		AC65FACA2BFE32E1005C4236 /* TickerPresentData.swift */ = {isa = PBXFileReference; lastKnownFileType = sourcecode.swift; path = TickerPresentData.swift; sourceTree = "<group>"; };
		AC9B5A6E2BF374040077635E /* BaseViewController.swift */ = {isa = PBXFileReference; lastKnownFileType = sourcecode.swift; path = BaseViewController.swift; sourceTree = "<group>"; };
		AC9B5A702BF3749E0077635E /* BaseView.swift */ = {isa = PBXFileReference; lastKnownFileType = sourcecode.swift; path = BaseView.swift; sourceTree = "<group>"; };
		ACA39E2D2BF6303C006BC6E4 /* MarketsHeaderView.swift */ = {isa = PBXFileReference; lastKnownFileType = sourcecode.swift; path = MarketsHeaderView.swift; sourceTree = "<group>"; };
		ACA39E412BF85E49006BC6E4 /* Coordinator.swift */ = {isa = PBXFileReference; lastKnownFileType = sourcecode.swift; path = Coordinator.swift; sourceTree = "<group>"; };
		ACA39E432BF85FCF006BC6E4 /* AppCoordinator.swift */ = {isa = PBXFileReference; lastKnownFileType = sourcecode.swift; path = AppCoordinator.swift; sourceTree = "<group>"; };
		ACA39E452BF8609F006BC6E4 /* TabCoordinator.swift */ = {isa = PBXFileReference; lastKnownFileType = sourcecode.swift; path = TabCoordinator.swift; sourceTree = "<group>"; };
		ACA39E482BF8617C006BC6E4 /* TabBarItemType.swift */ = {isa = PBXFileReference; lastKnownFileType = sourcecode.swift; path = TabBarItemType.swift; sourceTree = "<group>"; };
		ACA39E4B2BF8675A006BC6E4 /* MarketsCoordinator.swift */ = {isa = PBXFileReference; lastKnownFileType = sourcecode.swift; path = MarketsCoordinator.swift; sourceTree = "<group>"; };
		ACA39E4E2BF88DB4006BC6E4 /* APIManager.swift */ = {isa = PBXFileReference; lastKnownFileType = sourcecode.swift; path = APIManager.swift; sourceTree = "<group>"; };
		ACA39E582BF891D7006BC6E4 /* RouterProtocol.swift */ = {isa = PBXFileReference; lastKnownFileType = sourcecode.swift; path = RouterProtocol.swift; sourceTree = "<group>"; };
		ACA39E5B2BF8926D006BC6E4 /* UpbitRouter.swift */ = {isa = PBXFileReference; lastKnownFileType = sourcecode.swift; path = UpbitRouter.swift; sourceTree = "<group>"; };
		ACA39E602BF89825006BC6E4 /* MarketData.swift */ = {isa = PBXFileReference; lastKnownFileType = sourcecode.swift; path = MarketData.swift; sourceTree = "<group>"; };
		ACA39E632BF89E50006BC6E4 /* UpbitAPIError.swift */ = {isa = PBXFileReference; lastKnownFileType = sourcecode.swift; path = UpbitAPIError.swift; sourceTree = "<group>"; };
		ACA39E672BF8B812006BC6E4 /* LaunchView.swift */ = {isa = PBXFileReference; lastKnownFileType = sourcecode.swift; path = LaunchView.swift; sourceTree = "<group>"; };
		ACA39E692BF8B81F006BC6E4 /* LaunchViewController.swift */ = {isa = PBXFileReference; lastKnownFileType = sourcecode.swift; path = LaunchViewController.swift; sourceTree = "<group>"; };
		ACA39E6B2BF8B938006BC6E4 /* LaunchCoordinator.swift */ = {isa = PBXFileReference; lastKnownFileType = sourcecode.swift; path = LaunchCoordinator.swift; sourceTree = "<group>"; };
		ACA39E6D2BF8CD74006BC6E4 /* ViewModelProtocol.swift */ = {isa = PBXFileReference; lastKnownFileType = sourcecode.swift; path = ViewModelProtocol.swift; sourceTree = "<group>"; };
		ACA39E6F2BF8CE87006BC6E4 /* LaunchViewModel.swift */ = {isa = PBXFileReference; lastKnownFileType = sourcecode.swift; path = LaunchViewModel.swift; sourceTree = "<group>"; };
		ACA39E712BF91202006BC6E4 /* MarketsViewModel.swift */ = {isa = PBXFileReference; lastKnownFileType = sourcecode.swift; path = MarketsViewModel.swift; sourceTree = "<group>"; };
		ACA39E7F2BFA603B006BC6E4 /* WebSocketManager.swift */ = {isa = PBXFileReference; lastKnownFileType = sourcecode.swift; path = WebSocketManager.swift; sourceTree = "<group>"; };
		ACA39E822BFB9EF9006BC6E4 /* TickerData.swift */ = {isa = PBXFileReference; lastKnownFileType = sourcecode.swift; path = TickerData.swift; sourceTree = "<group>"; };
		ACA39E842BFBA371006BC6E4 /* CoinRepository.swift */ = {isa = PBXFileReference; lastKnownFileType = sourcecode.swift; path = CoinRepository.swift; sourceTree = "<group>"; };
		ACA39E8E2BFC703A006BC6E4 /* TickerSection.swift */ = {isa = PBXFileReference; lastKnownFileType = sourcecode.swift; path = TickerSection.swift; sourceTree = "<group>"; };
		ACA39E902BFC8B4D006BC6E4 /* BaseTableViewCell.swift */ = {isa = PBXFileReference; lastKnownFileType = sourcecode.swift; path = BaseTableViewCell.swift; sourceTree = "<group>"; };
		ACA39E932BFC9286006BC6E4 /* NumberUtil.swift */ = {isa = PBXFileReference; lastKnownFileType = sourcecode.swift; path = NumberUtil.swift; sourceTree = "<group>"; };
/* End PBXFileReference section */

/* Begin PBXFrameworksBuildPhase section */
		AC5A7C982BF2184000A13991 /* Frameworks */ = {
			isa = PBXFrameworksBuildPhase;
			buildActionMask = 2147483647;
			files = (
				ACA39E882BFC2AE0006BC6E4 /* Differentiator in Frameworks */,
				ACA39E572BF88DFC006BC6E4 /* Alamofire in Frameworks */,
				ACA39E522BF88DEA006BC6E4 /* RxCocoa in Frameworks */,
				AC9B5A6D2BF373EF0077635E /* PinLayout in Frameworks */,
				ACA39E542BF88DEA006BC6E4 /* RxSwift in Frameworks */,
				ACA39E8A2BFC2AE0006BC6E4 /* RxDataSources in Frameworks */,
				AC9B5A6A2BF373E50077635E /* FlexLayout in Frameworks */,
				ACA39E972BFDDFF4006BC6E4 /* SkeletonView in Frameworks */,
				ACA39E7E2BFA6024006BC6E4 /* Starscream in Frameworks */,
			);
			runOnlyForDeploymentPostprocessing = 0;
		};
/* End PBXFrameworksBuildPhase section */

/* Begin PBXGroup section */
		AC3248A32BF4E6F600BEC811 /* Present */ = {
			isa = PBXGroup;
			children = (
				ACA39E662BF8B7F3006BC6E4 /* Launch */,
				ACA39E652BF8B7E4006BC6E4 /* Markets */,
			);
			path = Present;
			sourceTree = "<group>";
		};
		AC5A7C922BF2184000A13991 = {
			isa = PBXGroup;
			children = (
				AC5A7C9D2BF2184000A13991 /* ToughCookie */,
				AC5A7C9C2BF2184000A13991 /* Products */,
				ACA39E7B2BFA5F9C006BC6E4 /* Frameworks */,
			);
			sourceTree = "<group>";
		};
		AC5A7C9C2BF2184000A13991 /* Products */ = {
			isa = PBXGroup;
			children = (
				AC5A7C9B2BF2184000A13991 /* ToughCookie.app */,
			);
			name = Products;
			sourceTree = "<group>";
		};
		AC5A7C9D2BF2184000A13991 /* ToughCookie */ = {
			isa = PBXGroup;
			children = (
				ACA39E922BFC9259006BC6E4 /* Util */,
				ACA39E8D2BFC700C006BC6E4 /* DataSourceSection */,
				ACA39E812BFB9D9A006BC6E4 /* Repository */,
				ACA39E762BFA0C99006BC6E4 /* Socket */,
				ACA39E5A2BF8924D006BC6E4 /* Protocol */,
				ACA39E4D2BF88D99006BC6E4 /* Network */,
				ACA39E402BF85E3B006BC6E4 /* Coordinator */,
				AC3248A32BF4E6F600BEC811 /* Present */,
				AC9B5A672BF373C40077635E /* Base */,
				AC5A7CB22BF218A100A13991 /* App */,
			);
			path = ToughCookie;
			sourceTree = "<group>";
		};
		AC5A7CB22BF218A100A13991 /* App */ = {
			isa = PBXGroup;
			children = (
				AC5A7C9E2BF2184000A13991 /* AppDelegate.swift */,
				AC5A7CA02BF2184000A13991 /* SceneDelegate.swift */,
				AC5A7CA72BF2184200A13991 /* Assets.xcassets */,
				AC5A7CA92BF2184200A13991 /* LaunchScreen.storyboard */,
				AC5A7CAC2BF2184200A13991 /* Info.plist */,
			);
			path = App;
			sourceTree = "<group>";
		};
		AC9B5A672BF373C40077635E /* Base */ = {
			isa = PBXGroup;
			children = (
				AC9B5A702BF3749E0077635E /* BaseView.swift */,
				AC9B5A6E2BF374040077635E /* BaseViewController.swift */,
				ACA39E902BFC8B4D006BC6E4 /* BaseTableViewCell.swift */,
			);
			path = Base;
			sourceTree = "<group>";
		};
		ACA39E402BF85E3B006BC6E4 /* Coordinator */ = {
			isa = PBXGroup;
			children = (
				ACA39E412BF85E49006BC6E4 /* Coordinator.swift */,
				ACA39E432BF85FCF006BC6E4 /* AppCoordinator.swift */,
				ACA39E472BF8616A006BC6E4 /* Tap */,
				ACA39E4A2BF86745006BC6E4 /* Present */,
			);
			path = Coordinator;
			sourceTree = "<group>";
		};
		ACA39E472BF8616A006BC6E4 /* Tap */ = {
			isa = PBXGroup;
			children = (
				ACA39E452BF8609F006BC6E4 /* TabCoordinator.swift */,
				ACA39E482BF8617C006BC6E4 /* TabBarItemType.swift */,
			);
			path = Tap;
			sourceTree = "<group>";
		};
		ACA39E4A2BF86745006BC6E4 /* Present */ = {
			isa = PBXGroup;
			children = (
				ACA39E4B2BF8675A006BC6E4 /* MarketsCoordinator.swift */,
				ACA39E6B2BF8B938006BC6E4 /* LaunchCoordinator.swift */,
			);
			path = Present;
			sourceTree = "<group>";
		};
		ACA39E4D2BF88D99006BC6E4 /* Network */ = {
			isa = PBXGroup;
			children = (
				ACA39E4E2BF88DB4006BC6E4 /* APIManager.swift */,
				ACA39E5B2BF8926D006BC6E4 /* UpbitRouter.swift */,
				ACA39E622BF89E3B006BC6E4 /* Error */,
				ACA39E5D2BF897D2006BC6E4 /* DataModel */,
			);
			path = Network;
			sourceTree = "<group>";
		};
		ACA39E5A2BF8924D006BC6E4 /* Protocol */ = {
			isa = PBXGroup;
			children = (
				ACA39E582BF891D7006BC6E4 /* RouterProtocol.swift */,
				ACA39E6D2BF8CD74006BC6E4 /* ViewModelProtocol.swift */,
			);
			path = Protocol;
			sourceTree = "<group>";
		};
		ACA39E5D2BF897D2006BC6E4 /* DataModel */ = {
			isa = PBXGroup;
			children = (
				ACA39E602BF89825006BC6E4 /* MarketData.swift */,
				ACA39E822BFB9EF9006BC6E4 /* TickerData.swift */,
				AC65FACA2BFE32E1005C4236 /* TickerPresentData.swift */,
			);
			path = DataModel;
			sourceTree = "<group>";
		};
		ACA39E622BF89E3B006BC6E4 /* Error */ = {
			isa = PBXGroup;
			children = (
				ACA39E632BF89E50006BC6E4 /* UpbitAPIError.swift */,
			);
			path = Error;
			sourceTree = "<group>";
		};
		ACA39E652BF8B7E4006BC6E4 /* Markets */ = {
			isa = PBXGroup;
			children = (
				ACA39E712BF91202006BC6E4 /* MarketsViewModel.swift */,
				AC3248A42BF4E79F00BEC811 /* MarketsViewController.swift */,
				AC3248A62BF4E7AB00BEC811 /* MarketsView.swift */,
				ACA39E2D2BF6303C006BC6E4 /* MarketsHeaderView.swift */,
				AC3248A82BF5103400BEC811 /* MarketsTableViewCell.swift */,
			);
			path = Markets;
			sourceTree = "<group>";
		};
		ACA39E662BF8B7F3006BC6E4 /* Launch */ = {
			isa = PBXGroup;
			children = (
				ACA39E6F2BF8CE87006BC6E4 /* LaunchViewModel.swift */,
				ACA39E672BF8B812006BC6E4 /* LaunchView.swift */,
				ACA39E692BF8B81F006BC6E4 /* LaunchViewController.swift */,
			);
			path = Launch;
			sourceTree = "<group>";
		};
		ACA39E762BFA0C99006BC6E4 /* Socket */ = {
			isa = PBXGroup;
			children = (
				ACA39E7F2BFA603B006BC6E4 /* WebSocketManager.swift */,
			);
			path = Socket;
			sourceTree = "<group>";
		};
		ACA39E7B2BFA5F9C006BC6E4 /* Frameworks */ = {
			isa = PBXGroup;
			children = (
			);
			name = Frameworks;
			sourceTree = "<group>";
		};
		ACA39E812BFB9D9A006BC6E4 /* Repository */ = {
			isa = PBXGroup;
			children = (
				ACA39E842BFBA371006BC6E4 /* CoinRepository.swift */,
			);
			path = Repository;
			sourceTree = "<group>";
		};
		ACA39E8D2BFC700C006BC6E4 /* DataSourceSection */ = {
			isa = PBXGroup;
			children = (
				ACA39E8E2BFC703A006BC6E4 /* TickerSection.swift */,
			);
			path = DataSourceSection;
			sourceTree = "<group>";
		};
		ACA39E922BFC9259006BC6E4 /* Util */ = {
			isa = PBXGroup;
			children = (
				ACA39E932BFC9286006BC6E4 /* NumberUtil.swift */,
			);
			path = Util;
			sourceTree = "<group>";
		};
/* End PBXGroup section */

/* Begin PBXNativeTarget section */
		AC5A7C9A2BF2184000A13991 /* ToughCookie */ = {
			isa = PBXNativeTarget;
			buildConfigurationList = AC5A7CAF2BF2184200A13991 /* Build configuration list for PBXNativeTarget "ToughCookie" */;
			buildPhases = (
				AC5A7C972BF2184000A13991 /* Sources */,
				AC5A7C982BF2184000A13991 /* Frameworks */,
				AC5A7C992BF2184000A13991 /* Resources */,
			);
			buildRules = (
			);
			dependencies = (
			);
			name = ToughCookie;
			packageProductDependencies = (
				AC9B5A692BF373E50077635E /* FlexLayout */,
				AC9B5A6C2BF373EF0077635E /* PinLayout */,
				ACA39E512BF88DEA006BC6E4 /* RxCocoa */,
				ACA39E532BF88DEA006BC6E4 /* RxSwift */,
				ACA39E562BF88DFC006BC6E4 /* Alamofire */,
				ACA39E7D2BFA6024006BC6E4 /* Starscream */,
				ACA39E872BFC2AE0006BC6E4 /* Differentiator */,
				ACA39E892BFC2AE0006BC6E4 /* RxDataSources */,
				ACA39E962BFDDFF4006BC6E4 /* SkeletonView */,
			);
			productName = ToughCookie;
			productReference = AC5A7C9B2BF2184000A13991 /* ToughCookie.app */;
			productType = "com.apple.product-type.application";
		};
/* End PBXNativeTarget section */

/* Begin PBXProject section */
		AC5A7C932BF2184000A13991 /* Project object */ = {
			isa = PBXProject;
			attributes = {
				BuildIndependentTargetsInParallel = 1;
				LastSwiftUpdateCheck = 1530;
				LastUpgradeCheck = 1530;
				TargetAttributes = {
					AC5A7C9A2BF2184000A13991 = {
						CreatedOnToolsVersion = 15.3;
					};
				};
			};
			buildConfigurationList = AC5A7C962BF2184000A13991 /* Build configuration list for PBXProject "ToughCookie" */;
			compatibilityVersion = "Xcode 14.0";
			developmentRegion = en;
			hasScannedForEncodings = 0;
			knownRegions = (
				en,
				Base,
			);
			mainGroup = AC5A7C922BF2184000A13991;
			packageReferences = (
				AC9B5A682BF373E50077635E /* XCRemoteSwiftPackageReference "FlexLayout" */,
				AC9B5A6B2BF373EF0077635E /* XCRemoteSwiftPackageReference "PinLayout" */,
				ACA39E502BF88DEA006BC6E4 /* XCRemoteSwiftPackageReference "RxSwift" */,
				ACA39E552BF88DFC006BC6E4 /* XCRemoteSwiftPackageReference "Alamofire" */,
				ACA39E7C2BFA6024006BC6E4 /* XCRemoteSwiftPackageReference "Starscream" */,
				ACA39E862BFC2AE0006BC6E4 /* XCRemoteSwiftPackageReference "RxDataSources" */,
				ACA39E952BFDDFF4006BC6E4 /* XCRemoteSwiftPackageReference "SkeletonView" */,
			);
			productRefGroup = AC5A7C9C2BF2184000A13991 /* Products */;
			projectDirPath = "";
			projectRoot = "";
			targets = (
				AC5A7C9A2BF2184000A13991 /* ToughCookie */,
			);
		};
/* End PBXProject section */

/* Begin PBXResourcesBuildPhase section */
		AC5A7C992BF2184000A13991 /* Resources */ = {
			isa = PBXResourcesBuildPhase;
			buildActionMask = 2147483647;
			files = (
				AC5A7CA82BF2184200A13991 /* Assets.xcassets in Resources */,
				AC5A7CAB2BF2184200A13991 /* Base in Resources */,
			);
			runOnlyForDeploymentPostprocessing = 0;
		};
/* End PBXResourcesBuildPhase section */

/* Begin PBXSourcesBuildPhase section */
		AC5A7C972BF2184000A13991 /* Sources */ = {
			isa = PBXSourcesBuildPhase;
			buildActionMask = 2147483647;
			files = (
				AC3248A72BF4E7AB00BEC811 /* MarketsView.swift in Sources */,
				ACA39E832BFB9EF9006BC6E4 /* TickerData.swift in Sources */,
				AC9B5A6F2BF374040077635E /* BaseViewController.swift in Sources */,
				ACA39E8F2BFC703A006BC6E4 /* TickerSection.swift in Sources */,
				ACA39E6C2BF8B938006BC6E4 /* LaunchCoordinator.swift in Sources */,
				ACA39E912BFC8B4D006BC6E4 /* BaseTableViewCell.swift in Sources */,
				ACA39E4C2BF8675A006BC6E4 /* MarketsCoordinator.swift in Sources */,
				ACA39E492BF8617C006BC6E4 /* TabBarItemType.swift in Sources */,
				ACA39E462BF8609F006BC6E4 /* TabCoordinator.swift in Sources */,
				ACA39E442BF85FCF006BC6E4 /* AppCoordinator.swift in Sources */,
				ACA39E4F2BF88DB4006BC6E4 /* APIManager.swift in Sources */,
				ACA39E682BF8B812006BC6E4 /* LaunchView.swift in Sources */,
				ACA39E802BFA603B006BC6E4 /* WebSocketManager.swift in Sources */,
				ACA39E702BF8CE87006BC6E4 /* LaunchViewModel.swift in Sources */,
				ACA39E942BFC9286006BC6E4 /* NumberUtil.swift in Sources */,
				ACA39E612BF89825006BC6E4 /* MarketData.swift in Sources */,
				ACA39E592BF891D7006BC6E4 /* RouterProtocol.swift in Sources */,
				ACA39E5C2BF8926D006BC6E4 /* UpbitRouter.swift in Sources */,
				ACA39E6A2BF8B81F006BC6E4 /* LaunchViewController.swift in Sources */,
				AC3248A52BF4E79F00BEC811 /* MarketsViewController.swift in Sources */,
				AC9B5A712BF3749E0077635E /* BaseView.swift in Sources */,
				AC5A7C9F2BF2184000A13991 /* AppDelegate.swift in Sources */,
				ACA39E2E2BF6303C006BC6E4 /* MarketsHeaderView.swift in Sources */,
				AC5A7CA12BF2184000A13991 /* SceneDelegate.swift in Sources */,
				AC65FACB2BFE32E1005C4236 /* TickerPresentData.swift in Sources */,
				ACA39E6E2BF8CD74006BC6E4 /* ViewModelProtocol.swift in Sources */,
				ACA39E722BF91202006BC6E4 /* MarketsViewModel.swift in Sources */,
				ACA39E852BFBA371006BC6E4 /* CoinRepository.swift in Sources */,
				AC3248A92BF5103400BEC811 /* MarketsTableViewCell.swift in Sources */,
				ACA39E642BF89E50006BC6E4 /* UpbitAPIError.swift in Sources */,
				ACA39E422BF85E49006BC6E4 /* Coordinator.swift in Sources */,
			);
			runOnlyForDeploymentPostprocessing = 0;
		};
/* End PBXSourcesBuildPhase section */

/* Begin PBXVariantGroup section */
		AC5A7CA92BF2184200A13991 /* LaunchScreen.storyboard */ = {
			isa = PBXVariantGroup;
			children = (
				AC5A7CAA2BF2184200A13991 /* Base */,
			);
			name = LaunchScreen.storyboard;
			sourceTree = "<group>";
		};
/* End PBXVariantGroup section */

/* Begin XCBuildConfiguration section */
		AC5A7CAD2BF2184200A13991 /* Debug */ = {
			isa = XCBuildConfiguration;
			buildSettings = {
				ALWAYS_SEARCH_USER_PATHS = NO;
				ASSETCATALOG_COMPILER_GENERATE_SWIFT_ASSET_SYMBOL_EXTENSIONS = YES;
				CLANG_ANALYZER_NONNULL = YES;
				CLANG_ANALYZER_NUMBER_OBJECT_CONVERSION = YES_AGGRESSIVE;
				CLANG_CXX_LANGUAGE_STANDARD = "gnu++20";
				CLANG_ENABLE_MODULES = YES;
				CLANG_ENABLE_OBJC_ARC = YES;
				CLANG_ENABLE_OBJC_WEAK = YES;
				CLANG_WARN_BLOCK_CAPTURE_AUTORELEASING = YES;
				CLANG_WARN_BOOL_CONVERSION = YES;
				CLANG_WARN_COMMA = YES;
				CLANG_WARN_CONSTANT_CONVERSION = YES;
				CLANG_WARN_DEPRECATED_OBJC_IMPLEMENTATIONS = YES;
				CLANG_WARN_DIRECT_OBJC_ISA_USAGE = YES_ERROR;
				CLANG_WARN_DOCUMENTATION_COMMENTS = YES;
				CLANG_WARN_EMPTY_BODY = YES;
				CLANG_WARN_ENUM_CONVERSION = YES;
				CLANG_WARN_INFINITE_RECURSION = YES;
				CLANG_WARN_INT_CONVERSION = YES;
				CLANG_WARN_NON_LITERAL_NULL_CONVERSION = YES;
				CLANG_WARN_OBJC_IMPLICIT_RETAIN_SELF = YES;
				CLANG_WARN_OBJC_LITERAL_CONVERSION = YES;
				CLANG_WARN_OBJC_ROOT_CLASS = YES_ERROR;
				CLANG_WARN_QUOTED_INCLUDE_IN_FRAMEWORK_HEADER = YES;
				CLANG_WARN_RANGE_LOOP_ANALYSIS = YES;
				CLANG_WARN_STRICT_PROTOTYPES = YES;
				CLANG_WARN_SUSPICIOUS_MOVE = YES;
				CLANG_WARN_UNGUARDED_AVAILABILITY = YES_AGGRESSIVE;
				CLANG_WARN_UNREACHABLE_CODE = YES;
				CLANG_WARN__DUPLICATE_METHOD_MATCH = YES;
				COPY_PHASE_STRIP = NO;
				DEBUG_INFORMATION_FORMAT = dwarf;
				ENABLE_STRICT_OBJC_MSGSEND = YES;
				ENABLE_TESTABILITY = YES;
				ENABLE_USER_SCRIPT_SANDBOXING = YES;
				GCC_C_LANGUAGE_STANDARD = gnu17;
				GCC_DYNAMIC_NO_PIC = NO;
				GCC_NO_COMMON_BLOCKS = YES;
				GCC_OPTIMIZATION_LEVEL = 0;
				GCC_PREPROCESSOR_DEFINITIONS = (
					"DEBUG=1",
					"$(inherited)",
				);
				GCC_WARN_64_TO_32_BIT_CONVERSION = YES;
				GCC_WARN_ABOUT_RETURN_TYPE = YES_ERROR;
				GCC_WARN_UNDECLARED_SELECTOR = YES;
				GCC_WARN_UNINITIALIZED_AUTOS = YES_AGGRESSIVE;
				GCC_WARN_UNUSED_FUNCTION = YES;
				GCC_WARN_UNUSED_VARIABLE = YES;
				IPHONEOS_DEPLOYMENT_TARGET = 17.4;
				LOCALIZATION_PREFERS_STRING_CATALOGS = YES;
				MTL_ENABLE_DEBUG_INFO = INCLUDE_SOURCE;
				MTL_FAST_MATH = YES;
				ONLY_ACTIVE_ARCH = YES;
				SDKROOT = iphoneos;
				SWIFT_ACTIVE_COMPILATION_CONDITIONS = "DEBUG $(inherited)";
				SWIFT_OPTIMIZATION_LEVEL = "-Onone";
			};
			name = Debug;
		};
		AC5A7CAE2BF2184200A13991 /* Release */ = {
			isa = XCBuildConfiguration;
			buildSettings = {
				ALWAYS_SEARCH_USER_PATHS = NO;
				ASSETCATALOG_COMPILER_GENERATE_SWIFT_ASSET_SYMBOL_EXTENSIONS = YES;
				CLANG_ANALYZER_NONNULL = YES;
				CLANG_ANALYZER_NUMBER_OBJECT_CONVERSION = YES_AGGRESSIVE;
				CLANG_CXX_LANGUAGE_STANDARD = "gnu++20";
				CLANG_ENABLE_MODULES = YES;
				CLANG_ENABLE_OBJC_ARC = YES;
				CLANG_ENABLE_OBJC_WEAK = YES;
				CLANG_WARN_BLOCK_CAPTURE_AUTORELEASING = YES;
				CLANG_WARN_BOOL_CONVERSION = YES;
				CLANG_WARN_COMMA = YES;
				CLANG_WARN_CONSTANT_CONVERSION = YES;
				CLANG_WARN_DEPRECATED_OBJC_IMPLEMENTATIONS = YES;
				CLANG_WARN_DIRECT_OBJC_ISA_USAGE = YES_ERROR;
				CLANG_WARN_DOCUMENTATION_COMMENTS = YES;
				CLANG_WARN_EMPTY_BODY = YES;
				CLANG_WARN_ENUM_CONVERSION = YES;
				CLANG_WARN_INFINITE_RECURSION = YES;
				CLANG_WARN_INT_CONVERSION = YES;
				CLANG_WARN_NON_LITERAL_NULL_CONVERSION = YES;
				CLANG_WARN_OBJC_IMPLICIT_RETAIN_SELF = YES;
				CLANG_WARN_OBJC_LITERAL_CONVERSION = YES;
				CLANG_WARN_OBJC_ROOT_CLASS = YES_ERROR;
				CLANG_WARN_QUOTED_INCLUDE_IN_FRAMEWORK_HEADER = YES;
				CLANG_WARN_RANGE_LOOP_ANALYSIS = YES;
				CLANG_WARN_STRICT_PROTOTYPES = YES;
				CLANG_WARN_SUSPICIOUS_MOVE = YES;
				CLANG_WARN_UNGUARDED_AVAILABILITY = YES_AGGRESSIVE;
				CLANG_WARN_UNREACHABLE_CODE = YES;
				CLANG_WARN__DUPLICATE_METHOD_MATCH = YES;
				COPY_PHASE_STRIP = NO;
				DEBUG_INFORMATION_FORMAT = "dwarf-with-dsym";
				ENABLE_NS_ASSERTIONS = NO;
				ENABLE_STRICT_OBJC_MSGSEND = YES;
				ENABLE_USER_SCRIPT_SANDBOXING = YES;
				GCC_C_LANGUAGE_STANDARD = gnu17;
				GCC_NO_COMMON_BLOCKS = YES;
				GCC_WARN_64_TO_32_BIT_CONVERSION = YES;
				GCC_WARN_ABOUT_RETURN_TYPE = YES_ERROR;
				GCC_WARN_UNDECLARED_SELECTOR = YES;
				GCC_WARN_UNINITIALIZED_AUTOS = YES_AGGRESSIVE;
				GCC_WARN_UNUSED_FUNCTION = YES;
				GCC_WARN_UNUSED_VARIABLE = YES;
				IPHONEOS_DEPLOYMENT_TARGET = 17.4;
				LOCALIZATION_PREFERS_STRING_CATALOGS = YES;
				MTL_ENABLE_DEBUG_INFO = NO;
				MTL_FAST_MATH = YES;
				SDKROOT = iphoneos;
				SWIFT_COMPILATION_MODE = wholemodule;
				VALIDATE_PRODUCT = YES;
			};
			name = Release;
		};
		AC5A7CB02BF2184200A13991 /* Debug */ = {
			isa = XCBuildConfiguration;
			buildSettings = {
				ASSETCATALOG_COMPILER_APPICON_NAME = AppIcon;
				ASSETCATALOG_COMPILER_GLOBAL_ACCENT_COLOR_NAME = AccentColor;
				CODE_SIGN_STYLE = Automatic;
				CURRENT_PROJECT_VERSION = 1;
				DEVELOPMENT_TEAM = 92Y6UC7Q5M;
				GENERATE_INFOPLIST_FILE = YES;
				INFOPLIST_FILE = ToughCookie/App/Info.plist;
				INFOPLIST_KEY_CFBundleDisplayName = ToughCookie;
				INFOPLIST_KEY_UIApplicationSupportsIndirectInputEvents = YES;
				INFOPLIST_KEY_UILaunchStoryboardName = LaunchScreen;
				INFOPLIST_KEY_UISupportedInterfaceOrientations = UIInterfaceOrientationPortrait;
				INFOPLIST_KEY_UISupportedInterfaceOrientations_iPad = "UIInterfaceOrientationLandscapeLeft UIInterfaceOrientationLandscapeRight UIInterfaceOrientationPortrait UIInterfaceOrientationPortraitUpsideDown";
				IPHONEOS_DEPLOYMENT_TARGET = 16.0;
				LD_RUNPATH_SEARCH_PATHS = (
					"$(inherited)",
					"@executable_path/Frameworks",
				);
				MARKETING_VERSION = 1.0;
				PRODUCT_BUNDLE_IDENTIFIER = com.donotinto.ToughCookie;
				PRODUCT_NAME = "$(TARGET_NAME)";
				SUPPORTED_PLATFORMS = "iphoneos iphonesimulator";
				SUPPORTS_MACCATALYST = NO;
				SUPPORTS_MAC_DESIGNED_FOR_IPHONE_IPAD = NO;
				SUPPORTS_XR_DESIGNED_FOR_IPHONE_IPAD = NO;
				SWIFT_EMIT_LOC_STRINGS = YES;
				SWIFT_VERSION = 5.0;
				TARGETED_DEVICE_FAMILY = 1;
			};
			name = Debug;
		};
		AC5A7CB12BF2184200A13991 /* Release */ = {
			isa = XCBuildConfiguration;
			buildSettings = {
				ASSETCATALOG_COMPILER_APPICON_NAME = AppIcon;
				ASSETCATALOG_COMPILER_GLOBAL_ACCENT_COLOR_NAME = AccentColor;
				CODE_SIGN_STYLE = Automatic;
				CURRENT_PROJECT_VERSION = 1;
				DEVELOPMENT_TEAM = 92Y6UC7Q5M;
				GENERATE_INFOPLIST_FILE = YES;
				INFOPLIST_FILE = ToughCookie/App/Info.plist;
				INFOPLIST_KEY_CFBundleDisplayName = ToughCookie;
				INFOPLIST_KEY_UIApplicationSupportsIndirectInputEvents = YES;
				INFOPLIST_KEY_UILaunchStoryboardName = LaunchScreen;
				INFOPLIST_KEY_UISupportedInterfaceOrientations = UIInterfaceOrientationPortrait;
				INFOPLIST_KEY_UISupportedInterfaceOrientations_iPad = "UIInterfaceOrientationLandscapeLeft UIInterfaceOrientationLandscapeRight UIInterfaceOrientationPortrait UIInterfaceOrientationPortraitUpsideDown";
				IPHONEOS_DEPLOYMENT_TARGET = 16.0;
				LD_RUNPATH_SEARCH_PATHS = (
					"$(inherited)",
					"@executable_path/Frameworks",
				);
				MARKETING_VERSION = 1.0;
				PRODUCT_BUNDLE_IDENTIFIER = com.donotinto.ToughCookie;
				PRODUCT_NAME = "$(TARGET_NAME)";
				SUPPORTED_PLATFORMS = "iphoneos iphonesimulator";
				SUPPORTS_MACCATALYST = NO;
				SUPPORTS_MAC_DESIGNED_FOR_IPHONE_IPAD = NO;
				SUPPORTS_XR_DESIGNED_FOR_IPHONE_IPAD = NO;
				SWIFT_EMIT_LOC_STRINGS = YES;
				SWIFT_VERSION = 5.0;
				TARGETED_DEVICE_FAMILY = 1;
			};
			name = Release;
		};
/* End XCBuildConfiguration section */

/* Begin XCConfigurationList section */
		AC5A7C962BF2184000A13991 /* Build configuration list for PBXProject "ToughCookie" */ = {
			isa = XCConfigurationList;
			buildConfigurations = (
				AC5A7CAD2BF2184200A13991 /* Debug */,
				AC5A7CAE2BF2184200A13991 /* Release */,
			);
			defaultConfigurationIsVisible = 0;
			defaultConfigurationName = Release;
		};
		AC5A7CAF2BF2184200A13991 /* Build configuration list for PBXNativeTarget "ToughCookie" */ = {
			isa = XCConfigurationList;
			buildConfigurations = (
				AC5A7CB02BF2184200A13991 /* Debug */,
				AC5A7CB12BF2184200A13991 /* Release */,
			);
			defaultConfigurationIsVisible = 0;
			defaultConfigurationName = Release;
		};
/* End XCConfigurationList section */

/* Begin XCRemoteSwiftPackageReference section */
		AC9B5A682BF373E50077635E /* XCRemoteSwiftPackageReference "FlexLayout" */ = {
			isa = XCRemoteSwiftPackageReference;
			repositoryURL = "https://github.com/layoutBox/FlexLayout.git";
			requirement = {
				kind = upToNextMajorVersion;
				minimumVersion = 2.0.7;
			};
		};
		AC9B5A6B2BF373EF0077635E /* XCRemoteSwiftPackageReference "PinLayout" */ = {
			isa = XCRemoteSwiftPackageReference;
			repositoryURL = "https://github.com/layoutBox/PinLayout.git";
			requirement = {
				kind = upToNextMajorVersion;
				minimumVersion = 1.10.5;
			};
		};
		ACA39E502BF88DEA006BC6E4 /* XCRemoteSwiftPackageReference "RxSwift" */ = {
			isa = XCRemoteSwiftPackageReference;
			repositoryURL = "https://github.com/ReactiveX/RxSwift.git";
			requirement = {
				kind = upToNextMajorVersion;
				minimumVersion = 6.7.1;
			};
		};
		ACA39E552BF88DFC006BC6E4 /* XCRemoteSwiftPackageReference "Alamofire" */ = {
			isa = XCRemoteSwiftPackageReference;
			repositoryURL = "https://github.com/Alamofire/Alamofire.git";
			requirement = {
				kind = upToNextMajorVersion;
				minimumVersion = 5.9.1;
			};
		};
		ACA39E7C2BFA6024006BC6E4 /* XCRemoteSwiftPackageReference "Starscream" */ = {
			isa = XCRemoteSwiftPackageReference;
			repositoryURL = "https://github.com/daltoniam/Starscream.git";
			requirement = {
				kind = upToNextMajorVersion;
				minimumVersion = 4.0.8;
			};
		};
		ACA39E862BFC2AE0006BC6E4 /* XCRemoteSwiftPackageReference "RxDataSources" */ = {
			isa = XCRemoteSwiftPackageReference;
			repositoryURL = "https://github.com/RxSwiftCommunity/RxDataSources.git";
			requirement = {
				kind = upToNextMajorVersion;
				minimumVersion = 5.0.2;
			};
		};
		ACA39E952BFDDFF4006BC6E4 /* XCRemoteSwiftPackageReference "SkeletonView" */ = {
			isa = XCRemoteSwiftPackageReference;
			repositoryURL = "https://github.com/Juanpe/SkeletonView.git";
			requirement = {
				kind = upToNextMajorVersion;
				minimumVersion = 1.31.0;
			};
		};
/* End XCRemoteSwiftPackageReference section */

/* Begin XCSwiftPackageProductDependency section */
		AC9B5A692BF373E50077635E /* FlexLayout */ = {
			isa = XCSwiftPackageProductDependency;
			package = AC9B5A682BF373E50077635E /* XCRemoteSwiftPackageReference "FlexLayout" */;
			productName = FlexLayout;
		};
		AC9B5A6C2BF373EF0077635E /* PinLayout */ = {
			isa = XCSwiftPackageProductDependency;
			package = AC9B5A6B2BF373EF0077635E /* XCRemoteSwiftPackageReference "PinLayout" */;
			productName = PinLayout;
		};
		ACA39E512BF88DEA006BC6E4 /* RxCocoa */ = {
			isa = XCSwiftPackageProductDependency;
			package = ACA39E502BF88DEA006BC6E4 /* XCRemoteSwiftPackageReference "RxSwift" */;
			productName = RxCocoa;
		};
		ACA39E532BF88DEA006BC6E4 /* RxSwift */ = {
			isa = XCSwiftPackageProductDependency;
			package = ACA39E502BF88DEA006BC6E4 /* XCRemoteSwiftPackageReference "RxSwift" */;
			productName = RxSwift;
		};
		ACA39E562BF88DFC006BC6E4 /* Alamofire */ = {
			isa = XCSwiftPackageProductDependency;
			package = ACA39E552BF88DFC006BC6E4 /* XCRemoteSwiftPackageReference "Alamofire" */;
			productName = Alamofire;
		};
		ACA39E7D2BFA6024006BC6E4 /* Starscream */ = {
			isa = XCSwiftPackageProductDependency;
			package = ACA39E7C2BFA6024006BC6E4 /* XCRemoteSwiftPackageReference "Starscream" */;
			productName = Starscream;
		};
		ACA39E872BFC2AE0006BC6E4 /* Differentiator */ = {
			isa = XCSwiftPackageProductDependency;
			package = ACA39E862BFC2AE0006BC6E4 /* XCRemoteSwiftPackageReference "RxDataSources" */;
			productName = Differentiator;
		};
		ACA39E892BFC2AE0006BC6E4 /* RxDataSources */ = {
			isa = XCSwiftPackageProductDependency;
			package = ACA39E862BFC2AE0006BC6E4 /* XCRemoteSwiftPackageReference "RxDataSources" */;
			productName = RxDataSources;
		};
		ACA39E962BFDDFF4006BC6E4 /* SkeletonView */ = {
			isa = XCSwiftPackageProductDependency;
			package = ACA39E952BFDDFF4006BC6E4 /* XCRemoteSwiftPackageReference "SkeletonView" */;
			productName = SkeletonView;
		};
/* End XCSwiftPackageProductDependency section */
	};
	rootObject = AC5A7C932BF2184000A13991 /* Project object */;
}
